
Microsoft Visual Studio Solution File, Format Version 12.00
# Visual Studio Version 17
VisualStudioVersion = 17.3.32804.467
MinimumVisualStudioVersion = 10.0.40219.1
Project("{FAE04EC0-301F-11D3-BF4B-00C04F79EFBC}") = "MURAT YÜCEDAĞ Eğitim Kampı Ders 2", "MURAT YÜCEDAĞ Eğitim Kampı Ders 2\MURAT YÜCEDAĞ Eğitim Kampı Ders 2.csproj", "{03461D5F-0F90-4939-86D9-194CFB3ADF33}"
EndProject
Global
	GlobalSection(SolutionConfigurationPlatforms) = preSolution
		Debug|Any CPU = Debug|Any CPU
		Release|Any CPU = Release|Any CPU
	EndGlobalSection
	GlobalSection(ProjectConfigurationPlatforms) = postSolution
		{03461D5F-0F90-4939-86D9-194CFB3ADF33}.Debug|Any CPU.ActiveCfg = Debug|Any CPU
		{03461D5F-0F90-4939-86D9-194CFB3ADF33}.Debug|Any CPU.Build.0 = Debug|Any CPU
		{03461D5F-0F90-4939-86D9-194CFB3ADF33}.Release|Any CPU.ActiveCfg = Release|Any CPU
		{03461D5F-0F90-4939-86D9-194CFB3ADF33}.Release|Any CPU.Build.0 = Release|Any CPU
	EndGlobalSection
	GlobalSection(SolutionProperties) = preSolution
		HideSolutionNode = FALSE
	EndGlobalSection
	GlobalSection(ExtensibilityGlobals) = postSolution
		SolutionGuid = {10EC6D55-BFF2-437C-8FA8-8C04D683EC97}
	EndGlobalSection
EndGlobal
